
Microsoft Visual Studio Solution File, Format Version 12.00
# Visual Studio 14
VisualStudioVersion = 14.0.23107.0
MinimumVisualStudioVersion = 10.0.40219.1
Project("{F2A71F9B-5D33-465A-A702-920D77279786}") = "RWFPChapter4", "RWFPChapter4\RWFPChapter4.fsproj", "{230836D5-6D6A-402D-9FE7-F65B9DD64A2C}"
EndProject
Global
	GlobalSection(SolutionConfigurationPlatforms) = preSolution
		Debug|Any CPU = Debug|Any CPU
		Release|Any CPU = Release|Any CPU
	EndGlobalSection
	GlobalSection(ProjectConfigurationPlatforms) = postSolution
		{230836D5-6D6A-402D-9FE7-F65B9DD64A2C}.Debug|Any CPU.ActiveCfg = Debug|Any CPU
		{230836D5-6D6A-402D-9FE7-F65B9DD64A2C}.Debug|Any CPU.Build.0 = Debug|Any CPU
		{230836D5-6D6A-402D-9FE7-F65B9DD64A2C}.Release|Any CPU.ActiveCfg = Release|Any CPU
		{230836D5-6D6A-402D-9FE7-F65B9DD64A2C}.Release|Any CPU.Build.0 = Release|Any CPU
	EndGlobalSection
	GlobalSection(SolutionProperties) = preSolution
		HideSolutionNode = FALSE
	EndGlobalSection
EndGlobal
